// !$*UTF8*$!
{
	archiveVersion = 1;
	classes = {
	};
	objectVersion = 46;
	objects = {

/* Begin PBXBuildFile section */
		6CAD2B1B1F3FF2CD006487E7 /* AppDelegate.swift in Sources */ = {isa = PBXBuildFile; fileRef = 6CAD2B1A1F3FF2CD006487E7 /* AppDelegate.swift */; };
		6CAD2B1D1F3FF2CD006487E7 /* ViewController.swift in Sources */ = {isa = PBXBuildFile; fileRef = 6CAD2B1C1F3FF2CD006487E7 /* ViewController.swift */; };
		6CAD2B201F3FF2CD006487E7 /* Main.storyboard in Resources */ = {isa = PBXBuildFile; fileRef = 6CAD2B1E1F3FF2CD006487E7 /* Main.storyboard */; };
		6CAD2B221F3FF2CD006487E7 /* Assets.xcassets in Resources */ = {isa = PBXBuildFile; fileRef = 6CAD2B211F3FF2CD006487E7 /* Assets.xcassets */; };
		6CAD2B251F3FF2CD006487E7 /* LaunchScreen.storyboard in Resources */ = {isa = PBXBuildFile; fileRef = 6CAD2B231F3FF2CD006487E7 /* LaunchScreen.storyboard */; };
		6CAD2B2D1F4003D9006487E7 /* Game.swift in Sources */ = {isa = PBXBuildFile; fileRef = 6CAD2B2C1F4003D9006487E7 /* Game.swift */; };
/* End PBXBuildFile section */

/* Begin PBXFileReference section */
		6CAD2B171F3FF2CD006487E7 /* Apple Pie.app */ = {isa = PBXFileReference; explicitFileType = wrapper.application; includeInIndex = 0; path = "Apple Pie.app"; sourceTree = BUILT_PRODUCTS_DIR; };
		6CAD2B1A1F3FF2CD006487E7 /* AppDelegate.swift */ = {isa = PBXFileReference; lastKnownFileType = sourcecode.swift; path = AppDelegate.swift; sourceTree = "<group>"; };
		6CAD2B1C1F3FF2CD006487E7 /* ViewController.swift */ = {isa = PBXFileReference; lastKnownFileType = sourcecode.swift; path = ViewController.swift; sourceTree = "<group>"; };
		6CAD2B1F1F3FF2CD006487E7 /* Base */ = {isa = PBXFileReference; lastKnownFileType = file.storyboard; name = Base; path = Base.lproj/Main.storyboard; sourceTree = "<group>"; };
		6CAD2B211F3FF2CD006487E7 /* Assets.xcassets */ = {isa = PBXFileReference; lastKnownFileType = folder.assetcatalog; path = Assets.xcassets; sourceTree = "<group>"; };
		6CAD2B241F3FF2CD006487E7 /* Base */ = {isa = PBXFileReference; lastKnownFileType = file.storyboard; name = Base; path = Base.lproj/LaunchScreen.storyboard; sourceTree = "<group>"; };
		6CAD2B261F3FF2CD006487E7 /* Info.plist */ = {isa = PBXFileReference; lastKnownFileType = text.plist.xml; path = Info.plist; sourceTree = "<group>"; };
		6CAD2B2C1F4003D9006487E7 /* Game.swift */ = {isa = PBXFileReference; fileEncoding = 4; lastKnownFileType = sourcecode.swift; path = Game.swift; sourceTree = "<group>"; };
/* End PBXFileReference section */

/* Begin PBXFrameworksBuildPhase section */
		6CAD2B141F3FF2CD006487E7 /* Frameworks */ = {
			isa = PBXFrameworksBuildPhase;
			buildActionMask = 2147483647;
			files = (
			);
			runOnlyForDeploymentPostprocessing = 0;
		};
/* End PBXFrameworksBuildPhase section */

/* Begin PBXGroup section */
		6CAD2B0E1F3FF2CD006487E7 = {
			isa = PBXGroup;
			children = (
				6CAD2B191F3FF2CD006487E7 /* Apple Pie */,
				6CAD2B181F3FF2CD006487E7 /* Products */,
			);
			sourceTree = "<group>";
		};
		6CAD2B181F3FF2CD006487E7 /* Products */ = {
			isa = PBXGroup;
			children = (
				6CAD2B171F3FF2CD006487E7 /* Apple Pie.app */,
			);
			name = Products;
			sourceTree = "<group>";
		};
		6CAD2B191F3FF2CD006487E7 /* Apple Pie */ = {
			isa = PBXGroup;
			children = (
				6CAD2B1A1F3FF2CD006487E7 /* AppDelegate.swift */,
				6CAD2B1C1F3FF2CD006487E7 /* ViewController.swift */,
				6CAD2B1E1F3FF2CD006487E7 /* Main.storyboard */,
				6CAD2B2C1F4003D9006487E7 /* Game.swift */,
				6CAD2B211F3FF2CD006487E7 /* Assets.xcassets */,
				6CAD2B231F3FF2CD006487E7 /* LaunchScreen.storyboard */,
				6CAD2B261F3FF2CD006487E7 /* Info.plist */,
			);
			path = "Apple Pie";
			sourceTree = "<group>";
		};
/* End PBXGroup section */

/* Begin PBXNativeTarget section */
		6CAD2B161F3FF2CD006487E7 /* Apple Pie */ = {
			isa = PBXNativeTarget;
			buildConfigurationList = 6CAD2B291F3FF2CD006487E7 /* Build configuration list for PBXNativeTarget "Apple Pie" */;
			buildPhases = (
				6CAD2B131F3FF2CD006487E7 /* Sources */,
				6CAD2B141F3FF2CD006487E7 /* Frameworks */,
				6CAD2B151F3FF2CD006487E7 /* Resources */,
			);
			buildRules = (
			);
			dependencies = (
			);
			name = "Apple Pie";
			productName = "Apple Pie";
			productReference = 6CAD2B171F3FF2CD006487E7 /* Apple Pie.app */;
			productType = "com.apple.product-type.application";
		};
/* End PBXNativeTarget section */

/* Begin PBXProject section */
		6CAD2B0F1F3FF2CD006487E7 /* Project object */ = {
			isa = PBXProject;
			attributes = {
				LastSwiftUpdateCheck = 0830;
				LastUpgradeCheck = 0830;
				ORGANIZATIONNAME = AA1;
				TargetAttributes = {
					6CAD2B161F3FF2CD006487E7 = {
						CreatedOnToolsVersion = 8.3.3;
						DevelopmentTeam = 64SQX3A695;
						ProvisioningStyle = Automatic;
					};
				};
			};
			buildConfigurationList = 6CAD2B121F3FF2CD006487E7 /* Build configuration list for PBXProject "Apple Pie" */;
			compatibilityVersion = "Xcode 3.2";
			developmentRegion = English;
			hasScannedForEncodings = 0;
			knownRegions = (
				en,
				Base,
			);
			mainGroup = 6CAD2B0E1F3FF2CD006487E7;
			productRefGroup = 6CAD2B181F3FF2CD006487E7 /* Products */;
			projectDirPath = "";
			projectRoot = "";
			targets = (
				6CAD2B161F3FF2CD006487E7 /* Apple Pie */,
			);
		};
/* End PBXProject section */

/* Begin PBXResourcesBuildPhase section */
		6CAD2B151F3FF2CD006487E7 /* Resources */ = {
			isa = PBXResourcesBuildPhase;
			buildActionMask = 2147483647;
			files = (
				6CAD2B251F3FF2CD006487E7 /* LaunchScreen.storyboard in Resources */,
				6CAD2B221F3FF2CD006487E7 /* Assets.xcassets in Resources */,
				6CAD2B201F3FF2CD006487E7 /* Main.storyboard in Resources */,
			);
			runOnlyForDeploymentPostprocessing = 0;
		};
/* End PBXResourcesBuildPhase section */

/* Begin PBXSourcesBuildPhase section */
		6CAD2B131F3FF2CD006487E7 /* Sources */ = {
			isa = PBXSourcesBuildPhase;
			buildActionMask = 2147483647;
			files = (
				6CAD2B1D1F3FF2CD006487E7 /* ViewController.swift in Sources */,
				6CAD2B2D1F4003D9006487E7 /* Game.swift in Sources */,
				6CAD2B1B1F3FF2CD006487E7 /* AppDelegate.swift in Sources */,
			);
			runOnlyForDeploymentPostprocessing = 0;
		};
/* End PBXSourcesBuildPhase section */

/* Begin PBXVariantGroup section */
		6CAD2B1E1F3FF2CD006487E7 /* Main.storyboard */ = {
			isa = PBXVariantGroup;
			children = (
				6CAD2B1F1F3FF2CD006487E7 /* Base */,
			);
			name = Main.storyboard;
			sourceTree = "<group>";
		};
		6CAD2B231F3FF2CD006487E7 /* LaunchScreen.storyboard */ = {
			isa = PBXVariantGroup;
			children = (
				6CAD2B241F3FF2CD006487E7 /* Base */,
			);
			name = LaunchScreen.storyboard;
			sourceTree = "<group>";
		};
/* End PBXVariantGroup section */

/* Begin XCBuildConfiguration section */
		6CAD2B271F3FF2CD006487E7 /* Debug */ = {
			isa = XCBuildConfiguration;
			buildSettings = {
				ALWAYS_SEARCH_USER_PATHS = NO;
				CLANG_ANALYZER_NONNULL = YES;
				CLANG_ANALYZER_NUMBER_OBJECT_CONVERSION = YES_AGGRESSIVE;
				CLANG_CXX_LANGUAGE_STANDARD = "gnu++0x";
				CLANG_CXX_LIBRARY = "libc++";
				CLANG_ENABLE_MODULES = YES;
				CLANG_ENABLE_OBJC_ARC = YES;
				CLANG_WARN_BOOL_CONVERSION = YES;
				CLANG_WARN_CONSTANT_CONVERSION = YES;
				CLANG_WARN_DIRECT_OBJC_ISA_USAGE = YES_ERROR;
				CLANG_WARN_DOCUMENTATION_COMMENTS = YES;
				CLANG_WARN_EMPTY_BODY = YES;
				CLANG_WARN_ENUM_CONVERSION = YES;
				CLANG_WARN_INFINITE_RECURSION = YES;
				CLANG_WARN_INT_CONVERSION = YES;
				CLANG_WARN_OBJC_ROOT_CLASS = YES_ERROR;
				CLANG_WARN_SUSPICIOUS_MOVE = YES;
				CLANG_WARN_UNREACHABLE_CODE = YES;
				CLANG_WARN__DUPLICATE_METHOD_MATCH = YES;
				"CODE_SIGN_IDENTITY[sdk=iphoneos*]" = "iPhone Developer";
				COPY_PHASE_STRIP = NO;
				DEBUG_INFORMATION_FORMAT = dwarf;
				ENABLE_STRICT_OBJC_MSGSEND = YES;
				ENABLE_TESTABILITY = YES;
				GCC_C_LANGUAGE_STANDARD = gnu99;
				GCC_DYNAMIC_NO_PIC = NO;
				GCC_NO_COMMON_BLOCKS = YES;
				GCC_OPTIMIZATION_LEVEL = 0;
				GCC_PREPROCESSOR_DEFINITIONS = (
					"DEBUG=1",
					"$(inherited)",
				);
				GCC_WARN_64_TO_32_BIT_CONVERSION = YES;
				GCC_WARN_ABOUT_RETURN_TYPE = YES_ERROR;
				GCC_WARN_UNDECLARED_SELECTOR = YES;
				GCC_WARN_UNINITIALIZED_AUTOS = YES_AGGRESSIVE;
				GCC_WARN_UNUSED_FUNCTION = YES;
				GCC_WARN_UNUSED_VARIABLE = YES;
				IPHONEOS_DEPLOYMENT_TARGET = 10.3;
				MTL_ENABLE_DEBUG_INFO = YES;
				ONLY_ACTIVE_ARCH = YES;
				SDKROOT = iphoneos;
				SWIFT_ACTIVE_COMPILATION_CONDITIONS = DEBUG;
				SWIFT_OPTIMIZATION_LEVEL = "-Onone";
				TARGETED_DEVICE_FAMILY = 2;
			};
			name = Debug;
		};
		6CAD2B281F3FF2CD006487E7 /* Release */ = {
			isa = XCBuildConfiguration;
			buildSettings = {
				ALWAYS_SEARCH_USER_PATHS = NO;
				CLANG_ANALYZER_NONNULL = YES;
				CLANG_ANALYZER_NUMBER_OBJECT_CONVERSION = YES_AGGRESSIVE;
				CLANG_CXX_LANGUAGE_STANDARD = "gnu++0x";
				CLANG_CXX_LIBRARY = "libc++";
				CLANG_ENABLE_MODULES = YES;
				CLANG_ENABLE_OBJC_ARC = YES;
				CLANG_WARN_BOOL_CONVERSION = YES;
				CLANG_WARN_CONSTANT_CONVERSION = YES;
				CLANG_WARN_DIRECT_OBJC_ISA_USAGE = YES_ERROR;
				CLANG_WARN_DOCUMENTATION_COMMENTS = YES;
				CLANG_WARN_EMPTY_BODY = YES;
				CLANG_WARN_ENUM_CONVERSION = YES;
				CLANG_WARN_INFINITE_RECURSION = YES;
				CLANG_WARN_INT_CONVERSION = YES;
				CLANG_WARN_OBJC_ROOT_CLASS = YES_ERROR;
				CLANG_WARN_SUSPICIOUS_MOVE = YES;
				CLANG_WARN_UNREACHABLE_CODE = YES;
				CLANG_WARN__DUPLICATE_METHOD_MATCH = YES;
				"CODE_SIGN_IDENTITY[sdk=iphoneos*]" = "iPhone Developer";
				COPY_PHASE_STRIP = NO;
				DEBUG_INFORMATION_FORMAT = "dwarf-with-dsym";
				ENABLE_NS_ASSERTIONS = NO;
				ENABLE_STRICT_OBJC_MSGSEND = YES;
				GCC_C_LANGUAGE_STANDARD = gnu99;
				GCC_NO_COMMON_BLOCKS = YES;
				GCC_WARN_64_TO_32_BIT_CONVERSION = YES;
				GCC_WARN_ABOUT_RETURN_TYPE = YES_ERROR;
				GCC_WARN_UNDECLARED_SELECTOR = YES;
				GCC_WARN_UNINITIALIZED_AUTOS = YES_AGGRESSIVE;
				GCC_WARN_UNUSED_FUNCTION = YES;
				GCC_WARN_UNUSED_VARIABLE = YES;
				IPHONEOS_DEPLOYMENT_TARGET = 10.3;
				MTL_ENABLE_DEBUG_INFO = NO;
				SDKROOT = iphoneos;
				SWIFT_OPTIMIZATION_LEVEL = "-Owholemodule";
				TARGETED_DEVICE_FAMILY = 2;
				VALIDATE_PRODUCT = YES;
			};
			name = Release;
		};
		6CAD2B2A1F3FF2CD006487E7 /* Debug */ = {
			isa = XCBuildConfiguration;
			buildSettings = {
				ASSETCATALOG_COMPILER_APPICON_NAME = AppIcon;
				DEVELOPMENT_TEAM = 64SQX3A695;
				INFOPLIST_FILE = "Apple Pie/Info.plist";
				LD_RUNPATH_SEARCH_PATHS = "$(inherited) @executable_path/Frameworks";
				PRODUCT_BUNDLE_IDENTIFIER = "com.digitalbusiness.Apple-Pie";
				PRODUCT_NAME = "$(TARGET_NAME)";
				SWIFT_VERSION = 3.0;
			};
			name = Debug;
		};
		6CAD2B2B1F3FF2CD006487E7 /* Release */ = {
			isa = XCBuildConfiguration;
			buildSettings = {
				ASSETCATALOG_COMPILER_APPICON_NAME = AppIcon;
				DEVELOPMENT_TEAM = 64SQX3A695;
				INFOPLIST_FILE = "Apple Pie/Info.plist";
				LD_RUNPATH_SEARCH_PATHS = "$(inherited) @executable_path/Frameworks";
				PRODUCT_BUNDLE_IDENTIFIER = "com.digitalbusiness.Apple-Pie";
				PRODUCT_NAME = "$(TARGET_NAME)";
				SWIFT_VERSION = 3.0;
			};
			name = Release;
		};
/* End XCBuildConfiguration section */

/* Begin XCConfigurationList section */
		6CAD2B121F3FF2CD006487E7 /* Build configuration list for PBXProject "Apple Pie" */ = {
			isa = XCConfigurationList;
			buildConfigurations = (
				6CAD2B271F3FF2CD006487E7 /* Debug */,
				6CAD2B281F3FF2CD006487E7 /* Release */,
			);
			defaultConfigurationIsVisible = 0;
			defaultConfigurationName = Release;
		};
		6CAD2B291F3FF2CD006487E7 /* Build configuration list for PBXNativeTarget "Apple Pie" */ = {
			isa = XCConfigurationList;
			buildConfigurations = (
				6CAD2B2A1F3FF2CD006487E7 /* Debug */,
				6CAD2B2B1F3FF2CD006487E7 /* Release */,
			);
			defaultConfigurationIsVisible = 0;
		};
/* End XCConfigurationList section */
	};
	rootObject = 6CAD2B0F1F3FF2CD006487E7 /* Project object */;
}
